
Microsoft Visual Studio Solution File, Format Version 12.00
Project("{FAE04EC0-301F-11D3-BF4B-00C04F79EFBC}") = "DiceGame", "DiceGame.csproj", "{57BBBE77-BC64-45CD-84C1-19710183342C}"
EndProject
Project("{FAE04EC0-301F-11D3-BF4B-00C04F79EFBC}") = "DiceLib", "DiceLib\DiceLib.csproj", "{4FF73C91-4A63-42AF-8ED6-E906E9F83F1F}"
EndProject
Project("{FAE04EC0-301F-11D3-BF4B-00C04F79EFBC}") = "MultiDiceGame", "MultiDiceGame\MultiDiceGame.csproj", "{F626FCF2-43DE-44EB-A361-2E924161604C}"
EndProject
Global
	GlobalSection(SolutionConfigurationPlatforms) = preSolution
		Debug|Any CPU = Debug|Any CPU
		Release|Any CPU = Release|Any CPU
	EndGlobalSection
	GlobalSection(ProjectConfigurationPlatforms) = postSolution
		{57BBBE77-BC64-45CD-84C1-19710183342C}.Debug|Any CPU.ActiveCfg = Debug|Any CPU
		{57BBBE77-BC64-45CD-84C1-19710183342C}.Debug|Any CPU.Build.0 = Debug|Any CPU
		{57BBBE77-BC64-45CD-84C1-19710183342C}.Release|Any CPU.ActiveCfg = Release|Any CPU
		{57BBBE77-BC64-45CD-84C1-19710183342C}.Release|Any CPU.Build.0 = Release|Any CPU
		{4FF73C91-4A63-42AF-8ED6-E906E9F83F1F}.Debug|Any CPU.ActiveCfg = Debug|Any CPU
		{4FF73C91-4A63-42AF-8ED6-E906E9F83F1F}.Debug|Any CPU.Build.0 = Debug|Any CPU
		{4FF73C91-4A63-42AF-8ED6-E906E9F83F1F}.Release|Any CPU.ActiveCfg = Release|Any CPU
		{4FF73C91-4A63-42AF-8ED6-E906E9F83F1F}.Release|Any CPU.Build.0 = Release|Any CPU
		{F626FCF2-43DE-44EB-A361-2E924161604C}.Debug|Any CPU.ActiveCfg = Debug|Any CPU
		{F626FCF2-43DE-44EB-A361-2E924161604C}.Debug|Any CPU.Build.0 = Debug|Any CPU
		{F626FCF2-43DE-44EB-A361-2E924161604C}.Release|Any CPU.ActiveCfg = Release|Any CPU
		{F626FCF2-43DE-44EB-A361-2E924161604C}.Release|Any CPU.Build.0 = Release|Any CPU
	EndGlobalSection
EndGlobal
